
Microsoft Visual Studio Solution File, Format Version 12.00
# Visual Studio Version 17
VisualStudioVersion = 17.2.32516.85
MinimumVisualStudioVersion = 10.0.40219.1
Project("{FAE04EC0-301F-11D3-BF4B-00C04F79EFBC}") = "JudgeTextBeautifier", "JudgeTextBeautifier\JudgeTextBeautifier.csproj", "{D452B84C-ED42-4493-8260-7AF4243C06DC}"
EndProject
Global
	GlobalSection(SolutionConfigurationPlatforms) = preSolution
		Debug|Any CPU = Debug|Any CPU
		Release|Any CPU = Release|Any CPU
	EndGlobalSection
	GlobalSection(ProjectConfigurationPlatforms) = postSolution
		{D452B84C-ED42-4493-8260-7AF4243C06DC}.Debug|Any CPU.ActiveCfg = Debug|Any CPU
		{D452B84C-ED42-4493-8260-7AF4243C06DC}.Debug|Any CPU.Build.0 = Debug|Any CPU
		{D452B84C-ED42-4493-8260-7AF4243C06DC}.Release|Any CPU.ActiveCfg = Release|Any CPU
		{D452B84C-ED42-4493-8260-7AF4243C06DC}.Release|Any CPU.Build.0 = Release|Any CPU
	EndGlobalSection
	GlobalSection(SolutionProperties) = preSolution
		HideSolutionNode = FALSE
	EndGlobalSection
	GlobalSection(ExtensibilityGlobals) = postSolution
		SolutionGuid = {A42B6A17-1967-4B6F-906D-4BF8813256F5}
	EndGlobalSection
EndGlobal
